
Microsoft Visual Studio Solution File, Format Version 12.00
# Visual Studio Version 17
VisualStudioVersion = 17.14.36414.22 d17.14
MinimumVisualStudioVersion = 10.0.40219.1
Project("{FAE04EC0-301F-11D3-BF4B-00C04F79EFBC}") = "PetShelter", "PetShelter\PetShelter.csproj", "{10FF620B-CD65-419B-9B76-47D5BD5B8A51}"
EndProject
Global
	GlobalSection(SolutionConfigurationPlatforms) = preSolution
		Debug|Any CPU = Debug|Any CPU
		Release|Any CPU = Release|Any CPU
	EndGlobalSection
	GlobalSection(ProjectConfigurationPlatforms) = postSolution
		{10FF620B-CD65-419B-9B76-47D5BD5B8A51}.Debug|Any CPU.ActiveCfg = Debug|Any CPU
		{10FF620B-CD65-419B-9B76-47D5BD5B8A51}.Debug|Any CPU.Build.0 = Debug|Any CPU
		{10FF620B-CD65-419B-9B76-47D5BD5B8A51}.Release|Any CPU.ActiveCfg = Release|Any CPU
		{10FF620B-CD65-419B-9B76-47D5BD5B8A51}.Release|Any CPU.Build.0 = Release|Any CPU
	EndGlobalSection
	GlobalSection(SolutionProperties) = preSolution
		HideSolutionNode = FALSE
	EndGlobalSection
	GlobalSection(ExtensibilityGlobals) = postSolution
		SolutionGuid = {E73D4C83-7F6A-4A52-892A-41A503450BAD}
	EndGlobalSection
EndGlobal
